
Microsoft Visual Studio Solution File, Format Version 12.00
# Visual Studio Version 17
VisualStudioVersion = 17.10.35122.118
MinimumVisualStudioVersion = 10.0.40219.1
Project("{9A19103F-16F7-4668-BE54-9A1E7A4F7556}") = "Web", "Web\Web.csproj", "{3D96A9D1-3E04-409B-B014-C482C8C3AAE4}"
EndProject
Project("{9A19103F-16F7-4668-BE54-9A1E7A4F7556}") = "Api", "Api\Api.csproj", "{6B7D1ECD-A43C-47C7-939B-4F5478E503D4}"
EndProject
Global
	GlobalSection(SolutionConfigurationPlatforms) = preSolution
		Debug|Any CPU = Debug|Any CPU
		Release|Any CPU = Release|Any CPU
	EndGlobalSection
	GlobalSection(ProjectConfigurationPlatforms) = postSolution
		{3D96A9D1-3E04-409B-B014-C482C8C3AAE4}.Debug|Any CPU.ActiveCfg = Debug|Any CPU
		{3D96A9D1-3E04-409B-B014-C482C8C3AAE4}.Debug|Any CPU.Build.0 = Debug|Any CPU
		{3D96A9D1-3E04-409B-B014-C482C8C3AAE4}.Release|Any CPU.ActiveCfg = Release|Any CPU
		{3D96A9D1-3E04-409B-B014-C482C8C3AAE4}.Release|Any CPU.Build.0 = Release|Any CPU
		{6B7D1ECD-A43C-47C7-939B-4F5478E503D4}.Debug|Any CPU.ActiveCfg = Debug|Any CPU
		{6B7D1ECD-A43C-47C7-939B-4F5478E503D4}.Debug|Any CPU.Build.0 = Debug|Any CPU
		{6B7D1ECD-A43C-47C7-939B-4F5478E503D4}.Release|Any CPU.ActiveCfg = Release|Any CPU
		{6B7D1ECD-A43C-47C7-939B-4F5478E503D4}.Release|Any CPU.Build.0 = Release|Any CPU
	EndGlobalSection
	GlobalSection(SolutionProperties) = preSolution
		HideSolutionNode = FALSE
	EndGlobalSection
	GlobalSection(ExtensibilityGlobals) = postSolution
		SolutionGuid = {D275D42F-424D-42F7-A3EA-884BB0E3AF38}
	EndGlobalSection
EndGlobal
